
Microsoft Visual Studio Solution File, Format Version 12.00
# Visual Studio 14
VisualStudioVersion = 14.0.25420.1
MinimumVisualStudioVersion = 10.0.40219.1
Project("{FAE04EC0-301F-11D3-BF4B-00C04F79EFBC}") = "WorkMarket", "WorkMarket\WorkMarket.csproj", "{3311A606-67AF-406B-89F2-7030F32B1D4E}"
EndProject
Project("{FAE04EC0-301F-11D3-BF4B-00C04F79EFBC}") = "WorkMarket.Tests", "WorkMarket.Tests\WorkMarket.Tests.csproj", "{3608BEB3-89C3-450A-8F53-39906E20B11F}"
EndProject
Project("{FAE04EC0-301F-11D3-BF4B-00C04F79EFBC}") = "WorkMarket.DAL", "WorkMarket.DAL\WorkMarket.DAL.csproj", "{B1BD32E6-3DC1-4D21-88F1-BBEB469F1C17}"
EndProject
Project("{FAE04EC0-301F-11D3-BF4B-00C04F79EFBC}") = "WorkMarket.BL", "WorkMarket.BL\WorkMarket.BL.csproj", "{6B30D04E-F4BA-42A8-9752-C002A4B4F97F}"
EndProject
Global
	GlobalSection(SolutionConfigurationPlatforms) = preSolution
		Debug|Any CPU = Debug|Any CPU
		Release|Any CPU = Release|Any CPU
	EndGlobalSection
	GlobalSection(ProjectConfigurationPlatforms) = postSolution
		{3311A606-67AF-406B-89F2-7030F32B1D4E}.Debug|Any CPU.ActiveCfg = Debug|Any CPU
		{3311A606-67AF-406B-89F2-7030F32B1D4E}.Debug|Any CPU.Build.0 = Debug|Any CPU
		{3311A606-67AF-406B-89F2-7030F32B1D4E}.Release|Any CPU.ActiveCfg = Release|Any CPU
		{3311A606-67AF-406B-89F2-7030F32B1D4E}.Release|Any CPU.Build.0 = Release|Any CPU
		{3608BEB3-89C3-450A-8F53-39906E20B11F}.Debug|Any CPU.ActiveCfg = Debug|Any CPU
		{3608BEB3-89C3-450A-8F53-39906E20B11F}.Debug|Any CPU.Build.0 = Debug|Any CPU
		{3608BEB3-89C3-450A-8F53-39906E20B11F}.Release|Any CPU.ActiveCfg = Release|Any CPU
		{3608BEB3-89C3-450A-8F53-39906E20B11F}.Release|Any CPU.Build.0 = Release|Any CPU
		{B1BD32E6-3DC1-4D21-88F1-BBEB469F1C17}.Debug|Any CPU.ActiveCfg = Debug|Any CPU
		{B1BD32E6-3DC1-4D21-88F1-BBEB469F1C17}.Debug|Any CPU.Build.0 = Debug|Any CPU
		{B1BD32E6-3DC1-4D21-88F1-BBEB469F1C17}.Release|Any CPU.ActiveCfg = Release|Any CPU
		{B1BD32E6-3DC1-4D21-88F1-BBEB469F1C17}.Release|Any CPU.Build.0 = Release|Any CPU
		{6B30D04E-F4BA-42A8-9752-C002A4B4F97F}.Debug|Any CPU.ActiveCfg = Debug|Any CPU
		{6B30D04E-F4BA-42A8-9752-C002A4B4F97F}.Debug|Any CPU.Build.0 = Debug|Any CPU
		{6B30D04E-F4BA-42A8-9752-C002A4B4F97F}.Release|Any CPU.ActiveCfg = Release|Any CPU
		{6B30D04E-F4BA-42A8-9752-C002A4B4F97F}.Release|Any CPU.Build.0 = Release|Any CPU
	EndGlobalSection
	GlobalSection(SolutionProperties) = preSolution
		HideSolutionNode = FALSE
	EndGlobalSection
EndGlobal
